
Microsoft Visual Studio Solution File, Format Version 11.00
# Visual Studio Version 17

Project("{8BC9CEB8-8B4A-11D0-8D11-00A0C91BC942}") = "PluginV3 - Standalone Plugin", "PluginV3_StandalonePlugin.vcxproj", "{F28E0FB6-1DEB-AA6F-C594-AB817542508D}"
	ProjectSection(ProjectDependencies) = postProject
		{671F37EA-BB55-4474-9D47-2B8A57752CC8} = {671F37EA-BB55-4474-9D47-2B8A57752CC8}
	EndProjectSection
EndProject
Project("{8BC9CEB8-8B4A-11D0-8D11-00A0C91BC942}") = "PluginV3 - VST3", "PluginV3_VST3.vcxproj", "{1A734697-104D-D822-442D-6CBF708B61D4}"
	ProjectSection(ProjectDependencies) = postProject
		{671F37EA-BB55-4474-9D47-2B8A57752CC8} = {671F37EA-BB55-4474-9D47-2B8A57752CC8}
		{77360049-FD45-E84E-58CF-5C9A83E054C9} = {77360049-FD45-E84E-58CF-5C9A83E054C9}
	EndProjectSection
EndProject
Project("{8BC9CEB8-8B4A-11D0-8D11-00A0C91BC942}") = "PluginV3 - Shared Code", "PluginV3_SharedCode.vcxproj", "{671F37EA-BB55-4474-9D47-2B8A57752CC8}"
EndProject
Project("{8BC9CEB8-8B4A-11D0-8D11-00A0C91BC942}") = "PluginV3 - VST3 Manifest Helper", "PluginV3_VST3ManifestHelper.vcxproj", "{77360049-FD45-E84E-58CF-5C9A83E054C9}"
EndProject
Global
	GlobalSection(SolutionConfigurationPlatforms) = preSolution
		Debug|x64 = Debug|x64
		Release|x64 = Release|x64
	EndGlobalSection
	GlobalSection(ProjectConfigurationPlatforms) = postSolution
		{1A734697-104D-D822-442D-6CBF708B61D4}.Debug|x64.ActiveCfg = Debug|x64
		{1A734697-104D-D822-442D-6CBF708B61D4}.Debug|x64.Build.0 = Debug|x64
		{1A734697-104D-D822-442D-6CBF708B61D4}.Release|x64.ActiveCfg = Release|x64
		{1A734697-104D-D822-442D-6CBF708B61D4}.Release|x64.Build.0 = Release|x64
		{F28E0FB6-1DEB-AA6F-C594-AB817542508D}.Debug|x64.ActiveCfg = Debug|x64
		{F28E0FB6-1DEB-AA6F-C594-AB817542508D}.Debug|x64.Build.0 = Debug|x64
		{F28E0FB6-1DEB-AA6F-C594-AB817542508D}.Release|x64.ActiveCfg = Release|x64
		{F28E0FB6-1DEB-AA6F-C594-AB817542508D}.Release|x64.Build.0 = Release|x64
		{671F37EA-BB55-4474-9D47-2B8A57752CC8}.Debug|x64.ActiveCfg = Debug|x64
		{671F37EA-BB55-4474-9D47-2B8A57752CC8}.Debug|x64.Build.0 = Debug|x64
		{671F37EA-BB55-4474-9D47-2B8A57752CC8}.Release|x64.ActiveCfg = Release|x64
		{671F37EA-BB55-4474-9D47-2B8A57752CC8}.Release|x64.Build.0 = Release|x64
		{77360049-FD45-E84E-58CF-5C9A83E054C9}.Debug|x64.ActiveCfg = Debug|x64
		{77360049-FD45-E84E-58CF-5C9A83E054C9}.Debug|x64.Build.0 = Debug|x64
		{77360049-FD45-E84E-58CF-5C9A83E054C9}.Release|x64.ActiveCfg = Release|x64
		{77360049-FD45-E84E-58CF-5C9A83E054C9}.Release|x64.Build.0 = Release|x64
	EndGlobalSection
	GlobalSection(SolutionProperties) = preSolution
		HideSolutionNode = FALSE
	EndGlobalSection
EndGlobal
